
Microsoft Visual Studio Solution File, Format Version 12.00
# Visual Studio Version 17
VisualStudioVersion = 17.0.31903.59
MinimumVisualStudioVersion = 10.0.40219.1
Project("{FAE04EC0-301F-11D3-BF4B-00C04F79EFBC}") = "Overloading", "Overloading\Overloading.csproj", "{5CE7A9B9-D117-49D5-A252-58A703D57DF7}"
EndProject
Project("{FAE04EC0-301F-11D3-BF4B-00C04F79EFBC}") = "Esercizio1Veicoli", "Esercizio1Veicoli\Esercizio1Veicoli.csproj", "{1A0C1263-3601-4897-BB06-93665F9BFFCA}"
EndProject
Project("{FAE04EC0-301F-11D3-BF4B-00C04F79EFBC}") = "Esercizio2Operatore", "Esercizio2Operatore\Esercizio2Operatore.csproj", "{52E2C756-D4ED-4B68-B472-AC3303728934}"
EndProject
Global
	GlobalSection(SolutionConfigurationPlatforms) = preSolution
		Debug|Any CPU = Debug|Any CPU
		Debug|x64 = Debug|x64
		Debug|x86 = Debug|x86
		Release|Any CPU = Release|Any CPU
		Release|x64 = Release|x64
		Release|x86 = Release|x86
	EndGlobalSection
	GlobalSection(ProjectConfigurationPlatforms) = postSolution
		{5CE7A9B9-D117-49D5-A252-58A703D57DF7}.Debug|Any CPU.ActiveCfg = Debug|Any CPU
		{5CE7A9B9-D117-49D5-A252-58A703D57DF7}.Debug|Any CPU.Build.0 = Debug|Any CPU
		{5CE7A9B9-D117-49D5-A252-58A703D57DF7}.Debug|x64.ActiveCfg = Debug|Any CPU
		{5CE7A9B9-D117-49D5-A252-58A703D57DF7}.Debug|x64.Build.0 = Debug|Any CPU
		{5CE7A9B9-D117-49D5-A252-58A703D57DF7}.Debug|x86.ActiveCfg = Debug|Any CPU
		{5CE7A9B9-D117-49D5-A252-58A703D57DF7}.Debug|x86.Build.0 = Debug|Any CPU
		{5CE7A9B9-D117-49D5-A252-58A703D57DF7}.Release|Any CPU.ActiveCfg = Release|Any CPU
		{5CE7A9B9-D117-49D5-A252-58A703D57DF7}.Release|Any CPU.Build.0 = Release|Any CPU
		{5CE7A9B9-D117-49D5-A252-58A703D57DF7}.Release|x64.ActiveCfg = Release|Any CPU
		{5CE7A9B9-D117-49D5-A252-58A703D57DF7}.Release|x64.Build.0 = Release|Any CPU
		{5CE7A9B9-D117-49D5-A252-58A703D57DF7}.Release|x86.ActiveCfg = Release|Any CPU
		{5CE7A9B9-D117-49D5-A252-58A703D57DF7}.Release|x86.Build.0 = Release|Any CPU
		{1A0C1263-3601-4897-BB06-93665F9BFFCA}.Debug|Any CPU.ActiveCfg = Debug|Any CPU
		{1A0C1263-3601-4897-BB06-93665F9BFFCA}.Debug|Any CPU.Build.0 = Debug|Any CPU
		{1A0C1263-3601-4897-BB06-93665F9BFFCA}.Debug|x64.ActiveCfg = Debug|Any CPU
		{1A0C1263-3601-4897-BB06-93665F9BFFCA}.Debug|x64.Build.0 = Debug|Any CPU
		{1A0C1263-3601-4897-BB06-93665F9BFFCA}.Debug|x86.ActiveCfg = Debug|Any CPU
		{1A0C1263-3601-4897-BB06-93665F9BFFCA}.Debug|x86.Build.0 = Debug|Any CPU
		{1A0C1263-3601-4897-BB06-93665F9BFFCA}.Release|Any CPU.ActiveCfg = Release|Any CPU
		{1A0C1263-3601-4897-BB06-93665F9BFFCA}.Release|Any CPU.Build.0 = Release|Any CPU
		{1A0C1263-3601-4897-BB06-93665F9BFFCA}.Release|x64.ActiveCfg = Release|Any CPU
		{1A0C1263-3601-4897-BB06-93665F9BFFCA}.Release|x64.Build.0 = Release|Any CPU
		{1A0C1263-3601-4897-BB06-93665F9BFFCA}.Release|x86.ActiveCfg = Release|Any CPU
		{1A0C1263-3601-4897-BB06-93665F9BFFCA}.Release|x86.Build.0 = Release|Any CPU
		{52E2C756-D4ED-4B68-B472-AC3303728934}.Debug|Any CPU.ActiveCfg = Debug|Any CPU
		{52E2C756-D4ED-4B68-B472-AC3303728934}.Debug|Any CPU.Build.0 = Debug|Any CPU
		{52E2C756-D4ED-4B68-B472-AC3303728934}.Debug|x64.ActiveCfg = Debug|Any CPU
		{52E2C756-D4ED-4B68-B472-AC3303728934}.Debug|x64.Build.0 = Debug|Any CPU
		{52E2C756-D4ED-4B68-B472-AC3303728934}.Debug|x86.ActiveCfg = Debug|Any CPU
		{52E2C756-D4ED-4B68-B472-AC3303728934}.Debug|x86.Build.0 = Debug|Any CPU
		{52E2C756-D4ED-4B68-B472-AC3303728934}.Release|Any CPU.ActiveCfg = Release|Any CPU
		{52E2C756-D4ED-4B68-B472-AC3303728934}.Release|Any CPU.Build.0 = Release|Any CPU
		{52E2C756-D4ED-4B68-B472-AC3303728934}.Release|x64.ActiveCfg = Release|Any CPU
		{52E2C756-D4ED-4B68-B472-AC3303728934}.Release|x64.Build.0 = Release|Any CPU
		{52E2C756-D4ED-4B68-B472-AC3303728934}.Release|x86.ActiveCfg = Release|Any CPU
		{52E2C756-D4ED-4B68-B472-AC3303728934}.Release|x86.Build.0 = Release|Any CPU
	EndGlobalSection
	GlobalSection(SolutionProperties) = preSolution
		HideSolutionNode = FALSE
	EndGlobalSection
EndGlobal
