
Microsoft Visual Studio Solution File, Format Version 12.00
# Visual Studio Version 17
VisualStudioVersion = 17.0.31903.59
MinimumVisualStudioVersion = 10.0.40219.1
Project("{FAE04EC0-301F-11D3-BF4B-00C04F79EFBC}") = "Esercizio1Singleton", "Esercizio1Singleton\Esercizio1Singleton.csproj", "{655FA013-F853-410D-9975-B8DEFC7C270D}"
EndProject
Project("{FAE04EC0-301F-11D3-BF4B-00C04F79EFBC}") = "Factory", "Factory\Factory.csproj", "{98C63F74-8055-475B-B282-F2D3A03AB0E4}"
EndProject
Project("{FAE04EC0-301F-11D3-BF4B-00C04F79EFBC}") = "Esercizio1Factory", "Esercizio1Factory\Esercizio1Factory.csproj", "{36BD5F85-4719-47CF-81FD-6EAB2FE044D4}"
EndProject
Project("{FAE04EC0-301F-11D3-BF4B-00C04F79EFBC}") = "Esercizio2Factory", "Esercizio2Factory\Esercizio2Factory.csproj", "{95F95932-A8E8-47F0-9510-FC65F899CF18}"
EndProject
Project("{FAE04EC0-301F-11D3-BF4B-00C04F79EFBC}") = "Esercizio3SingleAndFact", "Esercizio3SingleAndFact\Esercizio3SingleAndFact.csproj", "{C4E0F285-037D-4296-97F9-B4062CA9BFFF}"
EndProject
Global
	GlobalSection(SolutionConfigurationPlatforms) = preSolution
		Debug|Any CPU = Debug|Any CPU
		Debug|x64 = Debug|x64
		Debug|x86 = Debug|x86
		Release|Any CPU = Release|Any CPU
		Release|x64 = Release|x64
		Release|x86 = Release|x86
	EndGlobalSection
	GlobalSection(ProjectConfigurationPlatforms) = postSolution
		{655FA013-F853-410D-9975-B8DEFC7C270D}.Debug|Any CPU.ActiveCfg = Debug|Any CPU
		{655FA013-F853-410D-9975-B8DEFC7C270D}.Debug|Any CPU.Build.0 = Debug|Any CPU
		{655FA013-F853-410D-9975-B8DEFC7C270D}.Debug|x64.ActiveCfg = Debug|Any CPU
		{655FA013-F853-410D-9975-B8DEFC7C270D}.Debug|x64.Build.0 = Debug|Any CPU
		{655FA013-F853-410D-9975-B8DEFC7C270D}.Debug|x86.ActiveCfg = Debug|Any CPU
		{655FA013-F853-410D-9975-B8DEFC7C270D}.Debug|x86.Build.0 = Debug|Any CPU
		{655FA013-F853-410D-9975-B8DEFC7C270D}.Release|Any CPU.ActiveCfg = Release|Any CPU
		{655FA013-F853-410D-9975-B8DEFC7C270D}.Release|Any CPU.Build.0 = Release|Any CPU
		{655FA013-F853-410D-9975-B8DEFC7C270D}.Release|x64.ActiveCfg = Release|Any CPU
		{655FA013-F853-410D-9975-B8DEFC7C270D}.Release|x64.Build.0 = Release|Any CPU
		{655FA013-F853-410D-9975-B8DEFC7C270D}.Release|x86.ActiveCfg = Release|Any CPU
		{655FA013-F853-410D-9975-B8DEFC7C270D}.Release|x86.Build.0 = Release|Any CPU
		{98C63F74-8055-475B-B282-F2D3A03AB0E4}.Debug|Any CPU.ActiveCfg = Debug|Any CPU
		{98C63F74-8055-475B-B282-F2D3A03AB0E4}.Debug|Any CPU.Build.0 = Debug|Any CPU
		{98C63F74-8055-475B-B282-F2D3A03AB0E4}.Debug|x64.ActiveCfg = Debug|Any CPU
		{98C63F74-8055-475B-B282-F2D3A03AB0E4}.Debug|x64.Build.0 = Debug|Any CPU
		{98C63F74-8055-475B-B282-F2D3A03AB0E4}.Debug|x86.ActiveCfg = Debug|Any CPU
		{98C63F74-8055-475B-B282-F2D3A03AB0E4}.Debug|x86.Build.0 = Debug|Any CPU
		{98C63F74-8055-475B-B282-F2D3A03AB0E4}.Release|Any CPU.ActiveCfg = Release|Any CPU
		{98C63F74-8055-475B-B282-F2D3A03AB0E4}.Release|Any CPU.Build.0 = Release|Any CPU
		{98C63F74-8055-475B-B282-F2D3A03AB0E4}.Release|x64.ActiveCfg = Release|Any CPU
		{98C63F74-8055-475B-B282-F2D3A03AB0E4}.Release|x64.Build.0 = Release|Any CPU
		{98C63F74-8055-475B-B282-F2D3A03AB0E4}.Release|x86.ActiveCfg = Release|Any CPU
		{98C63F74-8055-475B-B282-F2D3A03AB0E4}.Release|x86.Build.0 = Release|Any CPU
		{36BD5F85-4719-47CF-81FD-6EAB2FE044D4}.Debug|Any CPU.ActiveCfg = Debug|Any CPU
		{36BD5F85-4719-47CF-81FD-6EAB2FE044D4}.Debug|Any CPU.Build.0 = Debug|Any CPU
		{36BD5F85-4719-47CF-81FD-6EAB2FE044D4}.Debug|x64.ActiveCfg = Debug|Any CPU
		{36BD5F85-4719-47CF-81FD-6EAB2FE044D4}.Debug|x64.Build.0 = Debug|Any CPU
		{36BD5F85-4719-47CF-81FD-6EAB2FE044D4}.Debug|x86.ActiveCfg = Debug|Any CPU
		{36BD5F85-4719-47CF-81FD-6EAB2FE044D4}.Debug|x86.Build.0 = Debug|Any CPU
		{36BD5F85-4719-47CF-81FD-6EAB2FE044D4}.Release|Any CPU.ActiveCfg = Release|Any CPU
		{36BD5F85-4719-47CF-81FD-6EAB2FE044D4}.Release|Any CPU.Build.0 = Release|Any CPU
		{36BD5F85-4719-47CF-81FD-6EAB2FE044D4}.Release|x64.ActiveCfg = Release|Any CPU
		{36BD5F85-4719-47CF-81FD-6EAB2FE044D4}.Release|x64.Build.0 = Release|Any CPU
		{36BD5F85-4719-47CF-81FD-6EAB2FE044D4}.Release|x86.ActiveCfg = Release|Any CPU
		{36BD5F85-4719-47CF-81FD-6EAB2FE044D4}.Release|x86.Build.0 = Release|Any CPU
		{95F95932-A8E8-47F0-9510-FC65F899CF18}.Debug|Any CPU.ActiveCfg = Debug|Any CPU
		{95F95932-A8E8-47F0-9510-FC65F899CF18}.Debug|Any CPU.Build.0 = Debug|Any CPU
		{95F95932-A8E8-47F0-9510-FC65F899CF18}.Debug|x64.ActiveCfg = Debug|Any CPU
		{95F95932-A8E8-47F0-9510-FC65F899CF18}.Debug|x64.Build.0 = Debug|Any CPU
		{95F95932-A8E8-47F0-9510-FC65F899CF18}.Debug|x86.ActiveCfg = Debug|Any CPU
		{95F95932-A8E8-47F0-9510-FC65F899CF18}.Debug|x86.Build.0 = Debug|Any CPU
		{95F95932-A8E8-47F0-9510-FC65F899CF18}.Release|Any CPU.ActiveCfg = Release|Any CPU
		{95F95932-A8E8-47F0-9510-FC65F899CF18}.Release|Any CPU.Build.0 = Release|Any CPU
		{95F95932-A8E8-47F0-9510-FC65F899CF18}.Release|x64.ActiveCfg = Release|Any CPU
		{95F95932-A8E8-47F0-9510-FC65F899CF18}.Release|x64.Build.0 = Release|Any CPU
		{95F95932-A8E8-47F0-9510-FC65F899CF18}.Release|x86.ActiveCfg = Release|Any CPU
		{95F95932-A8E8-47F0-9510-FC65F899CF18}.Release|x86.Build.0 = Release|Any CPU
		{C4E0F285-037D-4296-97F9-B4062CA9BFFF}.Debug|Any CPU.ActiveCfg = Debug|Any CPU
		{C4E0F285-037D-4296-97F9-B4062CA9BFFF}.Debug|Any CPU.Build.0 = Debug|Any CPU
		{C4E0F285-037D-4296-97F9-B4062CA9BFFF}.Debug|x64.ActiveCfg = Debug|Any CPU
		{C4E0F285-037D-4296-97F9-B4062CA9BFFF}.Debug|x64.Build.0 = Debug|Any CPU
		{C4E0F285-037D-4296-97F9-B4062CA9BFFF}.Debug|x86.ActiveCfg = Debug|Any CPU
		{C4E0F285-037D-4296-97F9-B4062CA9BFFF}.Debug|x86.Build.0 = Debug|Any CPU
		{C4E0F285-037D-4296-97F9-B4062CA9BFFF}.Release|Any CPU.ActiveCfg = Release|Any CPU
		{C4E0F285-037D-4296-97F9-B4062CA9BFFF}.Release|Any CPU.Build.0 = Release|Any CPU
		{C4E0F285-037D-4296-97F9-B4062CA9BFFF}.Release|x64.ActiveCfg = Release|Any CPU
		{C4E0F285-037D-4296-97F9-B4062CA9BFFF}.Release|x64.Build.0 = Release|Any CPU
		{C4E0F285-037D-4296-97F9-B4062CA9BFFF}.Release|x86.ActiveCfg = Release|Any CPU
		{C4E0F285-037D-4296-97F9-B4062CA9BFFF}.Release|x86.Build.0 = Release|Any CPU
	EndGlobalSection
	GlobalSection(SolutionProperties) = preSolution
		HideSolutionNode = FALSE
	EndGlobalSection
EndGlobal
