
Microsoft Visual Studio Solution File, Format Version 12.00
# Visual Studio Version 17
VisualStudioVersion = 17.0.31903.59
MinimumVisualStudioVersion = 10.0.40219.1
Project("{FAE04EC0-301F-11D3-BF4B-00C04F79EFBC}") = "Esercizio1DInjection", "Esercizio1DInjection\Esercizio1DInjection.csproj", "{BEFE59D5-4CC2-41D0-B0EE-EA2238F2C638}"
EndProject
Project("{FAE04EC0-301F-11D3-BF4B-00C04F79EFBC}") = "Esercizio2DInjection", "Esercizio2DInjection\Esercizio2DInjection.csproj", "{D71C8205-84EC-432F-9B4D-812AA00410CE}"
EndProject
Project("{FAE04EC0-301F-11D3-BF4B-00C04F79EFBC}") = "Esercizio3DInjection", "Esercizio3DInjection\Esercizio3DInjection.csproj", "{6350AFAB-BC3E-4682-8002-FEBD01493D32}"
EndProject
Project("{FAE04EC0-301F-11D3-BF4B-00C04F79EFBC}") = "Esercizio4DInjection", "Esercizio4DInjection\Esercizio4DInjection.csproj", "{2D6CEB77-40B6-4366-82B9-C4A97AF6F897}"
EndProject
Project("{FAE04EC0-301F-11D3-BF4B-00C04F79EFBC}") = "Esercizio5DInjection", "Esercizio5DInjection\Esercizio5DInjection.csproj", "{445D71FF-81F0-47B1-9858-5FC3D31563C8}"
EndProject
Project("{FAE04EC0-301F-11D3-BF4B-00C04F79EFBC}") = "Esercizio6DInjection", "Esercizio6DInjection\Esercizio6DInjection.csproj", "{8D0108DC-DA8F-4007-BB46-4F292B039DAF}"
EndProject
Global
	GlobalSection(SolutionConfigurationPlatforms) = preSolution
		Debug|Any CPU = Debug|Any CPU
		Debug|x64 = Debug|x64
		Debug|x86 = Debug|x86
		Release|Any CPU = Release|Any CPU
		Release|x64 = Release|x64
		Release|x86 = Release|x86
	EndGlobalSection
	GlobalSection(ProjectConfigurationPlatforms) = postSolution
		{BEFE59D5-4CC2-41D0-B0EE-EA2238F2C638}.Debug|Any CPU.ActiveCfg = Debug|Any CPU
		{BEFE59D5-4CC2-41D0-B0EE-EA2238F2C638}.Debug|Any CPU.Build.0 = Debug|Any CPU
		{BEFE59D5-4CC2-41D0-B0EE-EA2238F2C638}.Debug|x64.ActiveCfg = Debug|Any CPU
		{BEFE59D5-4CC2-41D0-B0EE-EA2238F2C638}.Debug|x64.Build.0 = Debug|Any CPU
		{BEFE59D5-4CC2-41D0-B0EE-EA2238F2C638}.Debug|x86.ActiveCfg = Debug|Any CPU
		{BEFE59D5-4CC2-41D0-B0EE-EA2238F2C638}.Debug|x86.Build.0 = Debug|Any CPU
		{BEFE59D5-4CC2-41D0-B0EE-EA2238F2C638}.Release|Any CPU.ActiveCfg = Release|Any CPU
		{BEFE59D5-4CC2-41D0-B0EE-EA2238F2C638}.Release|Any CPU.Build.0 = Release|Any CPU
		{BEFE59D5-4CC2-41D0-B0EE-EA2238F2C638}.Release|x64.ActiveCfg = Release|Any CPU
		{BEFE59D5-4CC2-41D0-B0EE-EA2238F2C638}.Release|x64.Build.0 = Release|Any CPU
		{BEFE59D5-4CC2-41D0-B0EE-EA2238F2C638}.Release|x86.ActiveCfg = Release|Any CPU
		{BEFE59D5-4CC2-41D0-B0EE-EA2238F2C638}.Release|x86.Build.0 = Release|Any CPU
		{D71C8205-84EC-432F-9B4D-812AA00410CE}.Debug|Any CPU.ActiveCfg = Debug|Any CPU
		{D71C8205-84EC-432F-9B4D-812AA00410CE}.Debug|Any CPU.Build.0 = Debug|Any CPU
		{D71C8205-84EC-432F-9B4D-812AA00410CE}.Debug|x64.ActiveCfg = Debug|Any CPU
		{D71C8205-84EC-432F-9B4D-812AA00410CE}.Debug|x64.Build.0 = Debug|Any CPU
		{D71C8205-84EC-432F-9B4D-812AA00410CE}.Debug|x86.ActiveCfg = Debug|Any CPU
		{D71C8205-84EC-432F-9B4D-812AA00410CE}.Debug|x86.Build.0 = Debug|Any CPU
		{D71C8205-84EC-432F-9B4D-812AA00410CE}.Release|Any CPU.ActiveCfg = Release|Any CPU
		{D71C8205-84EC-432F-9B4D-812AA00410CE}.Release|Any CPU.Build.0 = Release|Any CPU
		{D71C8205-84EC-432F-9B4D-812AA00410CE}.Release|x64.ActiveCfg = Release|Any CPU
		{D71C8205-84EC-432F-9B4D-812AA00410CE}.Release|x64.Build.0 = Release|Any CPU
		{D71C8205-84EC-432F-9B4D-812AA00410CE}.Release|x86.ActiveCfg = Release|Any CPU
		{D71C8205-84EC-432F-9B4D-812AA00410CE}.Release|x86.Build.0 = Release|Any CPU
		{6350AFAB-BC3E-4682-8002-FEBD01493D32}.Debug|Any CPU.ActiveCfg = Debug|Any CPU
		{6350AFAB-BC3E-4682-8002-FEBD01493D32}.Debug|Any CPU.Build.0 = Debug|Any CPU
		{6350AFAB-BC3E-4682-8002-FEBD01493D32}.Debug|x64.ActiveCfg = Debug|Any CPU
		{6350AFAB-BC3E-4682-8002-FEBD01493D32}.Debug|x64.Build.0 = Debug|Any CPU
		{6350AFAB-BC3E-4682-8002-FEBD01493D32}.Debug|x86.ActiveCfg = Debug|Any CPU
		{6350AFAB-BC3E-4682-8002-FEBD01493D32}.Debug|x86.Build.0 = Debug|Any CPU
		{6350AFAB-BC3E-4682-8002-FEBD01493D32}.Release|Any CPU.ActiveCfg = Release|Any CPU
		{6350AFAB-BC3E-4682-8002-FEBD01493D32}.Release|Any CPU.Build.0 = Release|Any CPU
		{6350AFAB-BC3E-4682-8002-FEBD01493D32}.Release|x64.ActiveCfg = Release|Any CPU
		{6350AFAB-BC3E-4682-8002-FEBD01493D32}.Release|x64.Build.0 = Release|Any CPU
		{6350AFAB-BC3E-4682-8002-FEBD01493D32}.Release|x86.ActiveCfg = Release|Any CPU
		{6350AFAB-BC3E-4682-8002-FEBD01493D32}.Release|x86.Build.0 = Release|Any CPU
		{2D6CEB77-40B6-4366-82B9-C4A97AF6F897}.Debug|Any CPU.ActiveCfg = Debug|Any CPU
		{2D6CEB77-40B6-4366-82B9-C4A97AF6F897}.Debug|Any CPU.Build.0 = Debug|Any CPU
		{2D6CEB77-40B6-4366-82B9-C4A97AF6F897}.Debug|x64.ActiveCfg = Debug|Any CPU
		{2D6CEB77-40B6-4366-82B9-C4A97AF6F897}.Debug|x64.Build.0 = Debug|Any CPU
		{2D6CEB77-40B6-4366-82B9-C4A97AF6F897}.Debug|x86.ActiveCfg = Debug|Any CPU
		{2D6CEB77-40B6-4366-82B9-C4A97AF6F897}.Debug|x86.Build.0 = Debug|Any CPU
		{2D6CEB77-40B6-4366-82B9-C4A97AF6F897}.Release|Any CPU.ActiveCfg = Release|Any CPU
		{2D6CEB77-40B6-4366-82B9-C4A97AF6F897}.Release|Any CPU.Build.0 = Release|Any CPU
		{2D6CEB77-40B6-4366-82B9-C4A97AF6F897}.Release|x64.ActiveCfg = Release|Any CPU
		{2D6CEB77-40B6-4366-82B9-C4A97AF6F897}.Release|x64.Build.0 = Release|Any CPU
		{2D6CEB77-40B6-4366-82B9-C4A97AF6F897}.Release|x86.ActiveCfg = Release|Any CPU
		{2D6CEB77-40B6-4366-82B9-C4A97AF6F897}.Release|x86.Build.0 = Release|Any CPU
		{445D71FF-81F0-47B1-9858-5FC3D31563C8}.Debug|Any CPU.ActiveCfg = Debug|Any CPU
		{445D71FF-81F0-47B1-9858-5FC3D31563C8}.Debug|Any CPU.Build.0 = Debug|Any CPU
		{445D71FF-81F0-47B1-9858-5FC3D31563C8}.Debug|x64.ActiveCfg = Debug|Any CPU
		{445D71FF-81F0-47B1-9858-5FC3D31563C8}.Debug|x64.Build.0 = Debug|Any CPU
		{445D71FF-81F0-47B1-9858-5FC3D31563C8}.Debug|x86.ActiveCfg = Debug|Any CPU
		{445D71FF-81F0-47B1-9858-5FC3D31563C8}.Debug|x86.Build.0 = Debug|Any CPU
		{445D71FF-81F0-47B1-9858-5FC3D31563C8}.Release|Any CPU.ActiveCfg = Release|Any CPU
		{445D71FF-81F0-47B1-9858-5FC3D31563C8}.Release|Any CPU.Build.0 = Release|Any CPU
		{445D71FF-81F0-47B1-9858-5FC3D31563C8}.Release|x64.ActiveCfg = Release|Any CPU
		{445D71FF-81F0-47B1-9858-5FC3D31563C8}.Release|x64.Build.0 = Release|Any CPU
		{445D71FF-81F0-47B1-9858-5FC3D31563C8}.Release|x86.ActiveCfg = Release|Any CPU
		{445D71FF-81F0-47B1-9858-5FC3D31563C8}.Release|x86.Build.0 = Release|Any CPU
		{8D0108DC-DA8F-4007-BB46-4F292B039DAF}.Debug|Any CPU.ActiveCfg = Debug|Any CPU
		{8D0108DC-DA8F-4007-BB46-4F292B039DAF}.Debug|Any CPU.Build.0 = Debug|Any CPU
		{8D0108DC-DA8F-4007-BB46-4F292B039DAF}.Debug|x64.ActiveCfg = Debug|Any CPU
		{8D0108DC-DA8F-4007-BB46-4F292B039DAF}.Debug|x64.Build.0 = Debug|Any CPU
		{8D0108DC-DA8F-4007-BB46-4F292B039DAF}.Debug|x86.ActiveCfg = Debug|Any CPU
		{8D0108DC-DA8F-4007-BB46-4F292B039DAF}.Debug|x86.Build.0 = Debug|Any CPU
		{8D0108DC-DA8F-4007-BB46-4F292B039DAF}.Release|Any CPU.ActiveCfg = Release|Any CPU
		{8D0108DC-DA8F-4007-BB46-4F292B039DAF}.Release|Any CPU.Build.0 = Release|Any CPU
		{8D0108DC-DA8F-4007-BB46-4F292B039DAF}.Release|x64.ActiveCfg = Release|Any CPU
		{8D0108DC-DA8F-4007-BB46-4F292B039DAF}.Release|x64.Build.0 = Release|Any CPU
		{8D0108DC-DA8F-4007-BB46-4F292B039DAF}.Release|x86.ActiveCfg = Release|Any CPU
		{8D0108DC-DA8F-4007-BB46-4F292B039DAF}.Release|x86.Build.0 = Release|Any CPU
	EndGlobalSection
	GlobalSection(SolutionProperties) = preSolution
		HideSolutionNode = FALSE
	EndGlobalSection
EndGlobal
